
Microsoft Visual Studio Solution File, Format Version 12.00
# Visual Studio Version 17
VisualStudioVersion = 17.7.34031.279
MinimumVisualStudioVersion = 10.0.40219.1
Project("{9A19103F-16F7-4668-BE54-9A1E7A4F7556}") = "DemoXAFBlazorForm.Module", "DemoXAFBlazorForm.Module\DemoXAFBlazorForm.Module.csproj", "{B77C1E44-281D-41F3-9B78-31F0FA4EB00C}"
EndProject
Project("{9A19103F-16F7-4668-BE54-9A1E7A4F7556}") = "DemoXAFBlazorForm.Blazor.Server", "DemoXAFBlazorForm.Blazor.Server\DemoXAFBlazorForm.Blazor.Server.csproj", "{8B8FA92D-6C40-42E7-BBD3-EDA206BF3416}"
EndProject
Global
	GlobalSection(SolutionConfigurationPlatforms) = preSolution
		Debug|Any CPU = Debug|Any CPU
		EasyTest|Any CPU = EasyTest|Any CPU
		Release|Any CPU = Release|Any CPU
	EndGlobalSection
	GlobalSection(ProjectConfigurationPlatforms) = postSolution
		{B77C1E44-281D-41F3-9B78-31F0FA4EB00C}.Debug|Any CPU.ActiveCfg = Debug|Any CPU
		{B77C1E44-281D-41F3-9B78-31F0FA4EB00C}.Debug|Any CPU.Build.0 = Debug|Any CPU
		{B77C1E44-281D-41F3-9B78-31F0FA4EB00C}.EasyTest|Any CPU.ActiveCfg = EasyTest|Any CPU
		{B77C1E44-281D-41F3-9B78-31F0FA4EB00C}.EasyTest|Any CPU.Build.0 = EasyTest|Any CPU
		{B77C1E44-281D-41F3-9B78-31F0FA4EB00C}.Release|Any CPU.ActiveCfg = Release|Any CPU
		{B77C1E44-281D-41F3-9B78-31F0FA4EB00C}.Release|Any CPU.Build.0 = Release|Any CPU
		{8B8FA92D-6C40-42E7-BBD3-EDA206BF3416}.Debug|Any CPU.ActiveCfg = Debug|Any CPU
		{8B8FA92D-6C40-42E7-BBD3-EDA206BF3416}.Debug|Any CPU.Build.0 = Debug|Any CPU
		{8B8FA92D-6C40-42E7-BBD3-EDA206BF3416}.EasyTest|Any CPU.ActiveCfg = EasyTest|Any CPU
		{8B8FA92D-6C40-42E7-BBD3-EDA206BF3416}.EasyTest|Any CPU.Build.0 = EasyTest|Any CPU
		{8B8FA92D-6C40-42E7-BBD3-EDA206BF3416}.Release|Any CPU.ActiveCfg = Release|Any CPU
		{8B8FA92D-6C40-42E7-BBD3-EDA206BF3416}.Release|Any CPU.Build.0 = Release|Any CPU
	EndGlobalSection
	GlobalSection(SolutionProperties) = preSolution
		HideSolutionNode = FALSE
	EndGlobalSection
	GlobalSection(ExtensibilityGlobals) = postSolution
		SolutionGuid = {7DC1D071-5B39-4AB2-9BDF-ADB54B95E463}
	EndGlobalSection
EndGlobal
